<?xml version="1.0" encoding="utf-8"?>
<Project ToolsVersion="4.0" xmlns="http://schemas.microsoft.com/developer/msbuild/2003">
  <ItemGroup>
    <Filter Include="Source">
      <UniqueIdentifier>{5b573973-90f8-4f45-a833-01d046335875}</UniqueIdentifier>
    </Filter>
    <Filter Include="Source\Scene">
      <UniqueIdentifier>{e6132169-d9b6-4c9e-867a-be810ccf5103}</UniqueIdentifier>
    </Filter>
    <Filter Include="Source\Scene\System">
      <UniqueIdentifier>{150d3848-d47f-4dae-b0f1-37060a330395}</UniqueIdentifier>
    </Filter>
    <Filter Include="Source\MySystem">
      <UniqueIdentifier>{60f0a110-6a01-45cc-867a-a57f6805a5ae}</UniqueIdentifier>
    </Filter>
    <Filter Include="Source\GameObject">
      <UniqueIdentifier>{424f3248-7822-4456-84fb-539c118dcff3}</UniqueIdentifier>
    </Filter>
    <Filter Include="Source\GameObject\Player">
      <UniqueIdentifier>{79279aab-5a4a-430c-9f55-e746d2b4b582}</UniqueIdentifier>
    </Filter>
    <Filter Include="Source\GameObject\System">
      <UniqueIdentifier>{097e1b83-6a00-4edf-8e1b-b6d8753ffc65}</UniqueIdentifier>
    </Filter>
    <Filter Include="Source\MySystem\Win32Application">
      <UniqueIdentifier>{676edb72-83ec-404e-b984-5e30c2212b9b}</UniqueIdentifier>
    </Filter>
    <Filter Include="Source\MySystem\ProcessingManager">
      <UniqueIdentifier>{f0b15e95-7489-4ba5-8021-c1d72951ee80}</UniqueIdentifier>
    </Filter>
    <Filter Include="Source\MySystem\Main">
      <UniqueIdentifier>{2baa6646-c45d-4f80-9142-7ad936392d89}</UniqueIdentifier>
    </Filter>
    <Filter Include="Source\MySystem\DeltaTime">
      <UniqueIdentifier>{3bccfaff-4258-4f47-83d5-f321dbf3c808}</UniqueIdentifier>
    </Filter>
    <Filter Include="Source\MySystem\Dx12System">
      <UniqueIdentifier>{238c49a9-67df-4e28-bd9f-63a2574a3a90}</UniqueIdentifier>
    </Filter>
  </ItemGroup>
  <ItemGroup>
    <ClCompile Include="Win32Application.cpp">
      <Filter>Source\MySystem\Win32Application</Filter>
    </ClCompile>
    <ClCompile Include="Main.cpp">
      <Filter>Source\MySystem\Main</Filter>
    </ClCompile>
    <ClCompile Include="SceneManager.cpp">
      <Filter>Source\Scene\System</Filter>
    </ClCompile>
    <ClCompile Include="Player.cpp">
      <Filter>Source\GameObject\Player</Filter>
    </ClCompile>
    <ClCompile Include="GameObjectManager.cpp">
      <Filter>Source\GameObject\System</Filter>
    </ClCompile>
    <ClCompile Include="ObjectTag.cpp">
      <Filter>Source\GameObject\System</Filter>
    </ClCompile>
    <ClCompile Include="ProcessingManager.cpp">
      <Filter>Source\MySystem\ProcessingManager</Filter>
    </ClCompile>
    <ClCompile Include="DeltaTime.cpp">
      <Filter>Source\MySystem\DeltaTime</Filter>
    </ClCompile>
    <ClCompile Include="Dx12System.cpp">
      <Filter>Source\MySystem\Dx12System</Filter>
    </ClCompile>
  </ItemGroup>
  <ItemGroup>
    <ClInclude Include="Win32Application.h">
      <Filter>Source\MySystem\Win32Application</Filter>
    </ClInclude>
    <ClInclude Include="SceneManager.h">
      <Filter>Source\Scene\System</Filter>
    </ClInclude>
    <ClInclude Include="Player.h">
      <Filter>Source\GameObject\Player</Filter>
    </ClInclude>
    <ClInclude Include="GameObjectManager.h">
      <Filter>Source\GameObject\System</Filter>
    </ClInclude>
    <ClInclude Include="ObjectTag.h">
      <Filter>Source\GameObject\System</Filter>
    </ClInclude>
    <ClInclude Include="ProcessingManager.h">
      <Filter>Source\MySystem\ProcessingManager</Filter>
    </ClInclude>
    <ClInclude Include="DeltaTime.h">
      <Filter>Source\MySystem\DeltaTime</Filter>
    </ClInclude>
    <ClInclude Include="Dx12System.h">
      <Filter>Source\MySystem\Dx12System</Filter>
    </ClInclude>
  </ItemGroup>
</Project>